
Microsoft Visual Studio Solution File, Format Version 12.00
# Visual Studio 15
VisualStudioVersion = 15.0.28307.168
MinimumVisualStudioVersion = 10.0.40219.1
Project("{FAE04EC0-301F-11D3-BF4B-00C04F79EFBC}") = "GameTimer", "GameTimer\GameTimer.csproj", "{131889DA-3C19-43A1-AA30-A7AB3934E830}"
EndProject
Global
	GlobalSection(SolutionConfigurationPlatforms) = preSolution
		Debug|Any CPU = Debug|Any CPU
		Release|Any CPU = Release|Any CPU
	EndGlobalSection
	GlobalSection(ProjectConfigurationPlatforms) = postSolution
		{131889DA-3C19-43A1-AA30-A7AB3934E830}.Debug|Any CPU.ActiveCfg = Debug|Any CPU
		{131889DA-3C19-43A1-AA30-A7AB3934E830}.Debug|Any CPU.Build.0 = Debug|Any CPU
		{131889DA-3C19-43A1-AA30-A7AB3934E830}.Release|Any CPU.ActiveCfg = Release|Any CPU
		{131889DA-3C19-43A1-AA30-A7AB3934E830}.Release|Any CPU.Build.0 = Release|Any CPU
	EndGlobalSection
	GlobalSection(SolutionProperties) = preSolution
		HideSolutionNode = FALSE
	EndGlobalSection
	GlobalSection(ExtensibilityGlobals) = postSolution
		SolutionGuid = {186C61EC-DEE2-4917-8D4A-C669E14EC812}
	EndGlobalSection
EndGlobal
